
Microsoft Visual Studio Solution File, Format Version 12.00
# Visual Studio Version 17
VisualStudioVersion = 17.12.35514.174
MinimumVisualStudioVersion = 10.0.40219.1
Project("{FAE04EC0-301F-11D3-BF4B-00C04F79EFBC}") = "BTM01", "BTM01\BTM01.csproj", "{43DFE438-B601-497C-A84A-38395C5AF935}"
EndProject
Project("{FAE04EC0-301F-11D3-BF4B-00C04F79EFBC}") = "BTM02", "BTM02\BTM02.csproj", "{BEAB7A3F-C663-4858-8432-192778B92CE7}"
EndProject
Project("{FAE04EC0-301F-11D3-BF4B-00C04F79EFBC}") = "BTTL_03", "BTTL_03\BTTL_03.csproj", "{0A2EE64F-3934-400D-AEF7-9859A2E0ACD0}"
EndProject
Global
	GlobalSection(SolutionConfigurationPlatforms) = preSolution
		Debug|Any CPU = Debug|Any CPU
		Release|Any CPU = Release|Any CPU
	EndGlobalSection
	GlobalSection(ProjectConfigurationPlatforms) = postSolution
		{43DFE438-B601-497C-A84A-38395C5AF935}.Debug|Any CPU.ActiveCfg = Debug|Any CPU
		{43DFE438-B601-497C-A84A-38395C5AF935}.Debug|Any CPU.Build.0 = Debug|Any CPU
		{43DFE438-B601-497C-A84A-38395C5AF935}.Release|Any CPU.ActiveCfg = Release|Any CPU
		{43DFE438-B601-497C-A84A-38395C5AF935}.Release|Any CPU.Build.0 = Release|Any CPU
		{BEAB7A3F-C663-4858-8432-192778B92CE7}.Debug|Any CPU.ActiveCfg = Debug|Any CPU
		{BEAB7A3F-C663-4858-8432-192778B92CE7}.Debug|Any CPU.Build.0 = Debug|Any CPU
		{BEAB7A3F-C663-4858-8432-192778B92CE7}.Release|Any CPU.ActiveCfg = Release|Any CPU
		{BEAB7A3F-C663-4858-8432-192778B92CE7}.Release|Any CPU.Build.0 = Release|Any CPU
		{0A2EE64F-3934-400D-AEF7-9859A2E0ACD0}.Debug|Any CPU.ActiveCfg = Debug|Any CPU
		{0A2EE64F-3934-400D-AEF7-9859A2E0ACD0}.Debug|Any CPU.Build.0 = Debug|Any CPU
		{0A2EE64F-3934-400D-AEF7-9859A2E0ACD0}.Release|Any CPU.ActiveCfg = Release|Any CPU
		{0A2EE64F-3934-400D-AEF7-9859A2E0ACD0}.Release|Any CPU.Build.0 = Release|Any CPU
	EndGlobalSection
	GlobalSection(SolutionProperties) = preSolution
		HideSolutionNode = FALSE
	EndGlobalSection
EndGlobal
